// !$*UTF8*$!
{
	archiveVersion = 1;
	classes = {
	};
	objectVersion = 46;
	objects = {

/* Begin PBXBuildFile section */
		59092A1A1F2E55BC00EBB75D /* iTunesArtwork in Resources */ = {isa = PBXBuildFile; fileRef = 59092A191F2E55BC00EBB75D /* iTunesArtwork */; };
		59092A1E1F2E5AD400EBB75D /* ShelfCollectionReusableView.swift in Sources */ = {isa = PBXBuildFile; fileRef = 59092A1D1F2E5AD400EBB75D /* ShelfCollectionReusableView.swift */; };
		59092A201F2E5B2C00EBB75D /* YourFoodFlowLayout.swift in Sources */ = {isa = PBXBuildFile; fileRef = 59092A1F1F2E5B2C00EBB75D /* YourFoodFlowLayout.swift */; };
		59092A221F2E5CBC00EBB75D /* YourFoodViewController.swift in Sources */ = {isa = PBXBuildFile; fileRef = 59092A211F2E5CBC00EBB75D /* YourFoodViewController.swift */; };
		59092A241F2E5D5100EBB75D /* FoodItemCell.swift in Sources */ = {isa = PBXBuildFile; fileRef = 59092A231F2E5D5100EBB75D /* FoodItemCell.swift */; };
		593EDE831F325C0700CC7E27 /* MockFood.swift in Sources */ = {isa = PBXBuildFile; fileRef = 593EDE821F325C0700CC7E27 /* MockFood.swift */; };
		593EDE8B1F32618600CC7E27 /* FoodCheckTests.swift in Sources */ = {isa = PBXBuildFile; fileRef = 593EDE8A1F32618600CC7E27 /* FoodCheckTests.swift */; };
		5975C94D1F0D67FA0006B5F9 /* AppDelegate.swift in Sources */ = {isa = PBXBuildFile; fileRef = 5975C94C1F0D67FA0006B5F9 /* AppDelegate.swift */; };
		5975C9521F0D67FA0006B5F9 /* Main.storyboard in Resources */ = {isa = PBXBuildFile; fileRef = 5975C9501F0D67FA0006B5F9 /* Main.storyboard */; };
		5975C9541F0D67FA0006B5F9 /* Assets.xcassets in Resources */ = {isa = PBXBuildFile; fileRef = 5975C9531F0D67FA0006B5F9 /* Assets.xcassets */; };
		59BFEA1D1F33DE6000B92F98 /* MockFoodDataSource.swift in Sources */ = {isa = PBXBuildFile; fileRef = 59BFEA1C1F33DE6000B92F98 /* MockFoodDataSource.swift */; };
		59BFEA201F33ECAE00B92F98 /* warning.json in Resources */ = {isa = PBXBuildFile; fileRef = 59BFEA1F1F33ECAE00B92F98 /* warning.json */; };
		59BFEA221F33ECB400B92F98 /* checked_done_.json in Resources */ = {isa = PBXBuildFile; fileRef = 59BFEA211F33ECB400B92F98 /* checked_done_.json */; };
		7CE9901EB91A82CB01120FF0 /* Pods_FoodCheck.framework in Frameworks */ = {isa = PBXBuildFile; fileRef = 93E85AADFD5F936307E17316 /* Pods_FoodCheck.framework */; };
		E9A1626BA7E1937EDD0C006C /* Pods_FoodCheckTests.framework in Frameworks */ = {isa = PBXBuildFile; fileRef = 9DD97D00125E0E7975DBFE88 /* Pods_FoodCheckTests.framework */; };
/* End PBXBuildFile section */

/* Begin PBXContainerItemProxy section */
		593EDE8D1F32618600CC7E27 /* PBXContainerItemProxy */ = {
			isa = PBXContainerItemProxy;
			containerPortal = 5975C9411F0D67FA0006B5F9 /* Project object */;
			proxyType = 1;
			remoteGlobalIDString = 5975C9481F0D67FA0006B5F9;
			remoteInfo = FoodCheck;
		};
/* End PBXContainerItemProxy section */

/* Begin PBXFileReference section */
		2E15104D3E372139089B4E9A /* Pods-FoodCheckTests.debug.xcconfig */ = {isa = PBXFileReference; includeInIndex = 1; lastKnownFileType = text.xcconfig; name = "Pods-FoodCheckTests.debug.xcconfig"; path = "Pods/Target Support Files/Pods-FoodCheckTests/Pods-FoodCheckTests.debug.xcconfig"; sourceTree = "<group>"; };
		59092A191F2E55BC00EBB75D /* iTunesArtwork */ = {isa = PBXFileReference; lastKnownFileType = file; path = iTunesArtwork; sourceTree = "<group>"; };
		59092A1B1F2E59A700EBB75D /* uk */ = {isa = PBXFileReference; lastKnownFileType = text.plist.strings; name = uk; path = uk.lproj/Main.strings; sourceTree = "<group>"; };
		59092A1C1F2E59B800EBB75D /* ru */ = {isa = PBXFileReference; lastKnownFileType = text.plist.strings; name = ru; path = ru.lproj/Main.strings; sourceTree = "<group>"; };
		59092A1D1F2E5AD400EBB75D /* ShelfCollectionReusableView.swift */ = {isa = PBXFileReference; fileEncoding = 4; lastKnownFileType = sourcecode.swift; path = ShelfCollectionReusableView.swift; sourceTree = "<group>"; };
		59092A1F1F2E5B2C00EBB75D /* YourFoodFlowLayout.swift */ = {isa = PBXFileReference; fileEncoding = 4; lastKnownFileType = sourcecode.swift; path = YourFoodFlowLayout.swift; sourceTree = "<group>"; };
		59092A211F2E5CBC00EBB75D /* YourFoodViewController.swift */ = {isa = PBXFileReference; fileEncoding = 4; lastKnownFileType = sourcecode.swift; path = YourFoodViewController.swift; sourceTree = "<group>"; };
		59092A231F2E5D5100EBB75D /* FoodItemCell.swift */ = {isa = PBXFileReference; fileEncoding = 4; lastKnownFileType = sourcecode.swift; path = FoodItemCell.swift; sourceTree = "<group>"; };
		593EDE821F325C0700CC7E27 /* MockFood.swift */ = {isa = PBXFileReference; fileEncoding = 4; lastKnownFileType = sourcecode.swift; path = MockFood.swift; sourceTree = "<group>"; };
		593EDE881F32618500CC7E27 /* FoodCheckTests.xctest */ = {isa = PBXFileReference; explicitFileType = wrapper.cfbundle; includeInIndex = 0; path = FoodCheckTests.xctest; sourceTree = BUILT_PRODUCTS_DIR; };
		593EDE8A1F32618600CC7E27 /* FoodCheckTests.swift */ = {isa = PBXFileReference; lastKnownFileType = sourcecode.swift; path = FoodCheckTests.swift; sourceTree = "<group>"; };
		593EDE8C1F32618600CC7E27 /* Info.plist */ = {isa = PBXFileReference; lastKnownFileType = text.plist.xml; path = Info.plist; sourceTree = "<group>"; };
		5975C9491F0D67FA0006B5F9 /* FoodCheck.app */ = {isa = PBXFileReference; explicitFileType = wrapper.application; includeInIndex = 0; path = FoodCheck.app; sourceTree = BUILT_PRODUCTS_DIR; };
		5975C94C1F0D67FA0006B5F9 /* AppDelegate.swift */ = {isa = PBXFileReference; lastKnownFileType = sourcecode.swift; path = AppDelegate.swift; sourceTree = "<group>"; };
		5975C9511F0D67FA0006B5F9 /* Base */ = {isa = PBXFileReference; lastKnownFileType = file.storyboard; name = Base; path = Base.lproj/Main.storyboard; sourceTree = "<group>"; };
		5975C9531F0D67FA0006B5F9 /* Assets.xcassets */ = {isa = PBXFileReference; lastKnownFileType = folder.assetcatalog; path = Assets.xcassets; sourceTree = "<group>"; };
		5975C9581F0D67FA0006B5F9 /* Info.plist */ = {isa = PBXFileReference; lastKnownFileType = text.plist.xml; path = Info.plist; sourceTree = "<group>"; };
		59BFEA1C1F33DE6000B92F98 /* MockFoodDataSource.swift */ = {isa = PBXFileReference; fileEncoding = 4; lastKnownFileType = sourcecode.swift; path = MockFoodDataSource.swift; sourceTree = "<group>"; };
		59BFEA1F1F33ECAE00B92F98 /* warning.json */ = {isa = PBXFileReference; fileEncoding = 4; lastKnownFileType = text.json; path = warning.json; sourceTree = "<group>"; };
		59BFEA211F33ECB400B92F98 /* checked_done_.json */ = {isa = PBXFileReference; fileEncoding = 4; lastKnownFileType = text.json; path = checked_done_.json; sourceTree = "<group>"; };
		93E85AADFD5F936307E17316 /* Pods_FoodCheck.framework */ = {isa = PBXFileReference; explicitFileType = wrapper.framework; includeInIndex = 0; path = Pods_FoodCheck.framework; sourceTree = BUILT_PRODUCTS_DIR; };
		973DE88B2492B353E51DAFB7 /* Pods-FoodCheckTests.release.xcconfig */ = {isa = PBXFileReference; includeInIndex = 1; lastKnownFileType = text.xcconfig; name = "Pods-FoodCheckTests.release.xcconfig"; path = "Pods/Target Support Files/Pods-FoodCheckTests/Pods-FoodCheckTests.release.xcconfig"; sourceTree = "<group>"; };
		9DD97D00125E0E7975DBFE88 /* Pods_FoodCheckTests.framework */ = {isa = PBXFileReference; explicitFileType = wrapper.framework; includeInIndex = 0; path = Pods_FoodCheckTests.framework; sourceTree = BUILT_PRODUCTS_DIR; };
		A1B66547833619D02C46C0AE /* Pods-FoodCheck.debug.xcconfig */ = {isa = PBXFileReference; includeInIndex = 1; lastKnownFileType = text.xcconfig; name = "Pods-FoodCheck.debug.xcconfig"; path = "Pods/Target Support Files/Pods-FoodCheck/Pods-FoodCheck.debug.xcconfig"; sourceTree = "<group>"; };
		CF5F0F35D658696728026A68 /* Pods-FoodCheck.release.xcconfig */ = {isa = PBXFileReference; includeInIndex = 1; lastKnownFileType = text.xcconfig; name = "Pods-FoodCheck.release.xcconfig"; path = "Pods/Target Support Files/Pods-FoodCheck/Pods-FoodCheck.release.xcconfig"; sourceTree = "<group>"; };
/* End PBXFileReference section */

/* Begin PBXFrameworksBuildPhase section */
		593EDE851F32618500CC7E27 /* Frameworks */ = {
			isa = PBXFrameworksBuildPhase;
			buildActionMask = 2147483647;
			files = (
				E9A1626BA7E1937EDD0C006C /* Pods_FoodCheckTests.framework in Frameworks */,
			);
			runOnlyForDeploymentPostprocessing = 0;
		};
		5975C9461F0D67FA0006B5F9 /* Frameworks */ = {
			isa = PBXFrameworksBuildPhase;
			buildActionMask = 2147483647;
			files = (
				7CE9901EB91A82CB01120FF0 /* Pods_FoodCheck.framework in Frameworks */,
			);
			runOnlyForDeploymentPostprocessing = 0;
		};
/* End PBXFrameworksBuildPhase section */

/* Begin PBXGroup section */
		59092A251F2E5EC500EBB75D /* YourFood */ = {
			isa = PBXGroup;
			children = (
				59092A231F2E5D5100EBB75D /* FoodItemCell.swift */,
				59092A1D1F2E5AD400EBB75D /* ShelfCollectionReusableView.swift */,
				59092A211F2E5CBC00EBB75D /* YourFoodViewController.swift */,
				59092A1F1F2E5B2C00EBB75D /* YourFoodFlowLayout.swift */,
			);
			name = YourFood;
			sourceTree = "<group>";
		};
		593EDE891F32618600CC7E27 /* FoodCheckTests */ = {
			isa = PBXGroup;
			children = (
				593EDE8A1F32618600CC7E27 /* FoodCheckTests.swift */,
				593EDE8C1F32618600CC7E27 /* Info.plist */,
			);
			path = FoodCheckTests;
			sourceTree = "<group>";
		};
		5975C9401F0D67FA0006B5F9 = {
			isa = PBXGroup;
			children = (
				5975C94B1F0D67FA0006B5F9 /* FoodCheck */,
				593EDE891F32618600CC7E27 /* FoodCheckTests */,
				5975C94A1F0D67FA0006B5F9 /* Products */,
				DC1CBAF913320FA937AC3101 /* Pods */,
				D77D62D2106D5CC63051A144 /* Frameworks */,
			);
			sourceTree = "<group>";
		};
		5975C94A1F0D67FA0006B5F9 /* Products */ = {
			isa = PBXGroup;
			children = (
				5975C9491F0D67FA0006B5F9 /* FoodCheck.app */,
				593EDE881F32618500CC7E27 /* FoodCheckTests.xctest */,
			);
			name = Products;
			sourceTree = "<group>";
		};
		5975C94B1F0D67FA0006B5F9 /* FoodCheck */ = {
			isa = PBXGroup;
			children = (
				5975C94C1F0D67FA0006B5F9 /* AppDelegate.swift */,
				593EDE821F325C0700CC7E27 /* MockFood.swift */,
				59BFEA1C1F33DE6000B92F98 /* MockFoodDataSource.swift */,
				59092A251F2E5EC500EBB75D /* YourFood */,
				5975C9501F0D67FA0006B5F9 /* Main.storyboard */,
				5975C9531F0D67FA0006B5F9 /* Assets.xcassets */,
				59BFEA1E1F33EC8100B92F98 /* LottieAnimations */,
				5975C9581F0D67FA0006B5F9 /* Info.plist */,
				59092A191F2E55BC00EBB75D /* iTunesArtwork */,
			);
			path = FoodCheck;
			sourceTree = "<group>";
		};
		59BFEA1E1F33EC8100B92F98 /* LottieAnimations */ = {
			isa = PBXGroup;
			children = (
				59BFEA1F1F33ECAE00B92F98 /* warning.json */,
				59BFEA211F33ECB400B92F98 /* checked_done_.json */,
			);
			name = LottieAnimations;
			sourceTree = "<group>";
		};
		D77D62D2106D5CC63051A144 /* Frameworks */ = {
			isa = PBXGroup;
			children = (
				93E85AADFD5F936307E17316 /* Pods_FoodCheck.framework */,
				9DD97D00125E0E7975DBFE88 /* Pods_FoodCheckTests.framework */,
			);
			name = Frameworks;
			sourceTree = "<group>";
		};
		DC1CBAF913320FA937AC3101 /* Pods */ = {
			isa = PBXGroup;
			children = (
				A1B66547833619D02C46C0AE /* Pods-FoodCheck.debug.xcconfig */,
				CF5F0F35D658696728026A68 /* Pods-FoodCheck.release.xcconfig */,
				2E15104D3E372139089B4E9A /* Pods-FoodCheckTests.debug.xcconfig */,
				973DE88B2492B353E51DAFB7 /* Pods-FoodCheckTests.release.xcconfig */,
			);
			name = Pods;
			sourceTree = "<group>";
		};
/* End PBXGroup section */

/* Begin PBXNativeTarget section */
		593EDE871F32618500CC7E27 /* FoodCheckTests */ = {
			isa = PBXNativeTarget;
			buildConfigurationList = 593EDE8F1F32618600CC7E27 /* Build configuration list for PBXNativeTarget "FoodCheckTests" */;
			buildPhases = (
				53D7521282B3A9B49C382DA5 /* [CP] Check Pods Manifest.lock */,
				593EDE841F32618500CC7E27 /* Sources */,
				593EDE851F32618500CC7E27 /* Frameworks */,
				593EDE861F32618500CC7E27 /* Resources */,
				8ADE780C2F2817FB2559A8C0 /* [CP] Embed Pods Frameworks */,
				5A1DBC1CF965FBB1567CB64A /* [CP] Copy Pods Resources */,
			);
			buildRules = (
			);
			dependencies = (
				593EDE8E1F32618600CC7E27 /* PBXTargetDependency */,
			);
			name = FoodCheckTests;
			productName = FoodCheckTests;
			productReference = 593EDE881F32618500CC7E27 /* FoodCheckTests.xctest */;
			productType = "com.apple.product-type.bundle.unit-test";
		};
		5975C9481F0D67FA0006B5F9 /* FoodCheck */ = {
			isa = PBXNativeTarget;
			buildConfigurationList = 5975C9661F0D67FA0006B5F9 /* Build configuration list for PBXNativeTarget "FoodCheck" */;
			buildPhases = (
				4A72DA0B09ACADBB2B03125E /* [CP] Check Pods Manifest.lock */,
				5975C9451F0D67FA0006B5F9 /* Sources */,
				5975C9461F0D67FA0006B5F9 /* Frameworks */,
				5975C9471F0D67FA0006B5F9 /* Resources */,
				3A4B693FC442540FCC70408A /* [CP] Embed Pods Frameworks */,
				B37269B29F0F2FF4CFB0F33A /* [CP] Copy Pods Resources */,
				59DC82521F33C71A00B3DB29 /* ShellScript */,
			);
			buildRules = (
			);
			dependencies = (
			);
			name = FoodCheck;
			productName = FoodCheck;
			productReference = 5975C9491F0D67FA0006B5F9 /* FoodCheck.app */;
			productType = "com.apple.product-type.application";
		};
/* End PBXNativeTarget section */

/* Begin PBXProject section */
		5975C9411F0D67FA0006B5F9 /* Project object */ = {
			isa = PBXProject;
			attributes = {
				LastSwiftUpdateCheck = 0830;
				LastUpgradeCheck = 0830;
				ORGANIZATIONNAME = "Dmytro Pasinchuk";
				TargetAttributes = {
					593EDE871F32618500CC7E27 = {
						CreatedOnToolsVersion = 8.3.3;
						DevelopmentTeam = 2J5NKCM3ET;
						ProvisioningStyle = Automatic;
						TestTargetID = 5975C9481F0D67FA0006B5F9;
					};
					5975C9481F0D67FA0006B5F9 = {
						CreatedOnToolsVersion = 8.3.2;
						DevelopmentTeam = 2J5NKCM3ET;
						ProvisioningStyle = Automatic;
					};
				};
			};
			buildConfigurationList = 5975C9441F0D67FA0006B5F9 /* Build configuration list for PBXProject "FoodCheck" */;
			compatibilityVersion = "Xcode 3.2";
			developmentRegion = English;
			hasScannedForEncodings = 0;
			knownRegions = (
				en,
				Base,
			);
			mainGroup = 5975C9401F0D67FA0006B5F9;
			productRefGroup = 5975C94A1F0D67FA0006B5F9 /* Products */;
			projectDirPath = "";
			projectRoot = "";
			targets = (
				5975C9481F0D67FA0006B5F9 /* FoodCheck */,
				593EDE871F32618500CC7E27 /* FoodCheckTests */,
			);
		};
/* End PBXProject section */

/* Begin PBXResourcesBuildPhase section */
		593EDE861F32618500CC7E27 /* Resources */ = {
			isa = PBXResourcesBuildPhase;
			buildActionMask = 2147483647;
			files = (
			);
			runOnlyForDeploymentPostprocessing = 0;
		};
		5975C9471F0D67FA0006B5F9 /* Resources */ = {
			isa = PBXResourcesBuildPhase;
			buildActionMask = 2147483647;
			files = (
				59BFEA221F33ECB400B92F98 /* checked_done_.json in Resources */,
				5975C9541F0D67FA0006B5F9 /* Assets.xcassets in Resources */,
				59092A1A1F2E55BC00EBB75D /* iTunesArtwork in Resources */,
				5975C9521F0D67FA0006B5F9 /* Main.storyboard in Resources */,
				59BFEA201F33ECAE00B92F98 /* warning.json in Resources */,
			);
			runOnlyForDeploymentPostprocessing = 0;
		};
/* End PBXResourcesBuildPhase section */

/* Begin PBXShellScriptBuildPhase section */
		3A4B693FC442540FCC70408A /* [CP] Embed Pods Frameworks */ = {
			isa = PBXShellScriptBuildPhase;
			buildActionMask = 2147483647;
			files = (
			);
			inputPaths = (
				"${SRCROOT}/Pods/Target Support Files/Pods-FoodCheck/Pods-FoodCheck-frameworks.sh",
				"${BUILT_PRODUCTS_DIR}/Realm/Realm.framework",
				"${BUILT_PRODUCTS_DIR}/RealmSwift/RealmSwift.framework",
				"${BUILT_PRODUCTS_DIR}/lottie-ios/Lottie.framework",
			);
			name = "[CP] Embed Pods Frameworks";
			outputPaths = (
				"${TARGET_BUILD_DIR}/${FRAMEWORKS_FOLDER_PATH}/Realm.framework",
				"${TARGET_BUILD_DIR}/${FRAMEWORKS_FOLDER_PATH}/RealmSwift.framework",
				"${TARGET_BUILD_DIR}/${FRAMEWORKS_FOLDER_PATH}/Lottie.framework",
			);
			runOnlyForDeploymentPostprocessing = 0;
			shellPath = /bin/sh;
			shellScript = "\"${SRCROOT}/Pods/Target Support Files/Pods-FoodCheck/Pods-FoodCheck-frameworks.sh\"\n";
			showEnvVarsInLog = 0;
		};
		4A72DA0B09ACADBB2B03125E /* [CP] Check Pods Manifest.lock */ = {
			isa = PBXShellScriptBuildPhase;
			buildActionMask = 2147483647;
			files = (
			);
			inputPaths = (
				"${PODS_PODFILE_DIR_PATH}/Podfile.lock",
				"${PODS_ROOT}/Manifest.lock",
			);
			name = "[CP] Check Pods Manifest.lock";
			outputPaths = (
				"$(DERIVED_FILE_DIR)/Pods-FoodCheck-checkManifestLockResult.txt",
			);
			runOnlyForDeploymentPostprocessing = 0;
			shellPath = /bin/sh;
			shellScript = "diff \"${PODS_PODFILE_DIR_PATH}/Podfile.lock\" \"${PODS_ROOT}/Manifest.lock\" > /dev/null\nif [ $? != 0 ] ; then\n    # print error to STDERR\n    echo \"error: The sandbox is not in sync with the Podfile.lock. Run 'pod install' or update your CocoaPods installation.\" >&2\n    exit 1\nfi\n# This output is used by Xcode 'outputs' to avoid re-running this script phase.\necho \"SUCCESS\" > \"${SCRIPT_OUTPUT_FILE_0}\"\n";
			showEnvVarsInLog = 0;
		};
		53D7521282B3A9B49C382DA5 /* [CP] Check Pods Manifest.lock */ = {
			isa = PBXShellScriptBuildPhase;
			buildActionMask = 2147483647;
			files = (
			);
			inputPaths = (
				"${PODS_PODFILE_DIR_PATH}/Podfile.lock",
				"${PODS_ROOT}/Manifest.lock",
			);
			name = "[CP] Check Pods Manifest.lock";
			outputPaths = (
				"$(DERIVED_FILE_DIR)/Pods-FoodCheckTests-checkManifestLockResult.txt",
			);
			runOnlyForDeploymentPostprocessing = 0;
			shellPath = /bin/sh;
			shellScript = "diff \"${PODS_PODFILE_DIR_PATH}/Podfile.lock\" \"${PODS_ROOT}/Manifest.lock\" > /dev/null\nif [ $? != 0 ] ; then\n    # print error to STDERR\n    echo \"error: The sandbox is not in sync with the Podfile.lock. Run 'pod install' or update your CocoaPods installation.\" >&2\n    exit 1\nfi\n# This output is used by Xcode 'outputs' to avoid re-running this script phase.\necho \"SUCCESS\" > \"${SCRIPT_OUTPUT_FILE_0}\"\n";
			showEnvVarsInLog = 0;
		};
		59DC82521F33C71A00B3DB29 /* ShellScript */ = {
			isa = PBXShellScriptBuildPhase;
			buildActionMask = 2147483647;
			files = (
			);
			inputPaths = (
			);
			outputPaths = (
			);
			runOnlyForDeploymentPostprocessing = 0;
			shellPath = /bin/sh;
			shellScript = "\"${PODS_ROOT}/Fabric/run\" cc956b8a3dd2929261c78f7c5543a56414586ad9 619ca30a79f5d302d217220501488418e87a98b97255af48c18a585d1539da05";
		};
		5A1DBC1CF965FBB1567CB64A /* [CP] Copy Pods Resources */ = {
			isa = PBXShellScriptBuildPhase;
			buildActionMask = 2147483647;
			files = (
			);
			inputPaths = (
			);
			name = "[CP] Copy Pods Resources";
			outputPaths = (
			);
			runOnlyForDeploymentPostprocessing = 0;
			shellPath = /bin/sh;
			shellScript = "\"${SRCROOT}/Pods/Target Support Files/Pods-FoodCheckTests/Pods-FoodCheckTests-resources.sh\"\n";
			showEnvVarsInLog = 0;
		};
		8ADE780C2F2817FB2559A8C0 /* [CP] Embed Pods Frameworks */ = {
			isa = PBXShellScriptBuildPhase;
			buildActionMask = 2147483647;
			files = (
			);
			inputPaths = (
			);
			name = "[CP] Embed Pods Frameworks";
			outputPaths = (
			);
			runOnlyForDeploymentPostprocessing = 0;
			shellPath = /bin/sh;
			shellScript = "\"${SRCROOT}/Pods/Target Support Files/Pods-FoodCheckTests/Pods-FoodCheckTests-frameworks.sh\"\n";
			showEnvVarsInLog = 0;
		};
		B37269B29F0F2FF4CFB0F33A /* [CP] Copy Pods Resources */ = {
			isa = PBXShellScriptBuildPhase;
			buildActionMask = 2147483647;
			files = (
			);
			inputPaths = (
			);
			name = "[CP] Copy Pods Resources";
			outputPaths = (
			);
			runOnlyForDeploymentPostprocessing = 0;
			shellPath = /bin/sh;
			shellScript = "\"${SRCROOT}/Pods/Target Support Files/Pods-FoodCheck/Pods-FoodCheck-resources.sh\"\n";
			showEnvVarsInLog = 0;
		};
/* End PBXShellScriptBuildPhase section */

/* Begin PBXSourcesBuildPhase section */
		593EDE841F32618500CC7E27 /* Sources */ = {
			isa = PBXSourcesBuildPhase;
			buildActionMask = 2147483647;
			files = (
				593EDE8B1F32618600CC7E27 /* FoodCheckTests.swift in Sources */,
			);
			runOnlyForDeploymentPostprocessing = 0;
		};
		5975C9451F0D67FA0006B5F9 /* Sources */ = {
			isa = PBXSourcesBuildPhase;
			buildActionMask = 2147483647;
			files = (
				59092A1E1F2E5AD400EBB75D /* ShelfCollectionReusableView.swift in Sources */,
				593EDE831F325C0700CC7E27 /* MockFood.swift in Sources */,
				59BFEA1D1F33DE6000B92F98 /* MockFoodDataSource.swift in Sources */,
				59092A221F2E5CBC00EBB75D /* YourFoodViewController.swift in Sources */,
				59092A241F2E5D5100EBB75D /* FoodItemCell.swift in Sources */,
				5975C94D1F0D67FA0006B5F9 /* AppDelegate.swift in Sources */,
				59092A201F2E5B2C00EBB75D /* YourFoodFlowLayout.swift in Sources */,
			);
			runOnlyForDeploymentPostprocessing = 0;
		};
/* End PBXSourcesBuildPhase section */

/* Begin PBXTargetDependency section */
		593EDE8E1F32618600CC7E27 /* PBXTargetDependency */ = {
			isa = PBXTargetDependency;
			target = 5975C9481F0D67FA0006B5F9 /* FoodCheck */;
			targetProxy = 593EDE8D1F32618600CC7E27 /* PBXContainerItemProxy */;
		};
/* End PBXTargetDependency section */

/* Begin PBXVariantGroup section */
		5975C9501F0D67FA0006B5F9 /* Main.storyboard */ = {
			isa = PBXVariantGroup;
			children = (
				5975C9511F0D67FA0006B5F9 /* Base */,
				59092A1B1F2E59A700EBB75D /* uk */,
				59092A1C1F2E59B800EBB75D /* ru */,
			);
			name = Main.storyboard;
			sourceTree = "<group>";
		};
/* End PBXVariantGroup section */

/* Begin XCBuildConfiguration section */
		593EDE901F32618600CC7E27 /* Debug */ = {
			isa = XCBuildConfiguration;
			baseConfigurationReference = 2E15104D3E372139089B4E9A /* Pods-FoodCheckTests.debug.xcconfig */;
			buildSettings = {
				BUNDLE_LOADER = "$(TEST_HOST)";
				DEVELOPMENT_TEAM = 2J5NKCM3ET;
				INFOPLIST_FILE = FoodCheckTests/Info.plist;
				LD_RUNPATH_SEARCH_PATHS = "$(inherited) @executable_path/Frameworks @loader_path/Frameworks";
				PRODUCT_BUNDLE_IDENTIFIER = com.passt0r.FoodCheckTests;
				PRODUCT_NAME = "$(TARGET_NAME)";
				SWIFT_VERSION = 3.0;
				TEST_HOST = "$(BUILT_PRODUCTS_DIR)/FoodCheck.app/FoodCheck";
			};
			name = Debug;
		};
		593EDE911F32618600CC7E27 /* Release */ = {
			isa = XCBuildConfiguration;
			baseConfigurationReference = 973DE88B2492B353E51DAFB7 /* Pods-FoodCheckTests.release.xcconfig */;
			buildSettings = {
				BUNDLE_LOADER = "$(TEST_HOST)";
				DEVELOPMENT_TEAM = 2J5NKCM3ET;
				INFOPLIST_FILE = FoodCheckTests/Info.plist;
				LD_RUNPATH_SEARCH_PATHS = "$(inherited) @executable_path/Frameworks @loader_path/Frameworks";
				PRODUCT_BUNDLE_IDENTIFIER = com.passt0r.FoodCheckTests;
				PRODUCT_NAME = "$(TARGET_NAME)";
				SWIFT_VERSION = 3.0;
				TEST_HOST = "$(BUILT_PRODUCTS_DIR)/FoodCheck.app/FoodCheck";
			};
			name = Release;
		};
		5975C9641F0D67FA0006B5F9 /* Debug */ = {
			isa = XCBuildConfiguration;
			buildSettings = {
				ALWAYS_SEARCH_USER_PATHS = NO;
				CLANG_ANALYZER_LOCALIZABILITY_NONLOCALIZED = YES;
				CLANG_ANALYZER_NONNULL = YES;
				CLANG_ANALYZER_NUMBER_OBJECT_CONVERSION = YES_AGGRESSIVE;
				CLANG_CXX_LANGUAGE_STANDARD = "gnu++0x";
				CLANG_CXX_LIBRARY = "libc++";
				CLANG_ENABLE_MODULES = YES;
				CLANG_ENABLE_OBJC_ARC = YES;
				CLANG_WARN_BOOL_CONVERSION = YES;
				CLANG_WARN_CONSTANT_CONVERSION = YES;
				CLANG_WARN_DIRECT_OBJC_ISA_USAGE = YES_ERROR;
				CLANG_WARN_DOCUMENTATION_COMMENTS = YES;
				CLANG_WARN_EMPTY_BODY = YES;
				CLANG_WARN_ENUM_CONVERSION = YES;
				CLANG_WARN_INFINITE_RECURSION = YES;
				CLANG_WARN_INT_CONVERSION = YES;
				CLANG_WARN_OBJC_ROOT_CLASS = YES_ERROR;
				CLANG_WARN_SUSPICIOUS_MOVE = YES;
				CLANG_WARN_UNREACHABLE_CODE = YES;
				CLANG_WARN__DUPLICATE_METHOD_MATCH = YES;
				"CODE_SIGN_IDENTITY[sdk=iphoneos*]" = "iPhone Developer";
				COPY_PHASE_STRIP = NO;
				DEBUG_INFORMATION_FORMAT = dwarf;
				ENABLE_STRICT_OBJC_MSGSEND = YES;
				ENABLE_TESTABILITY = YES;
				GCC_C_LANGUAGE_STANDARD = gnu99;
				GCC_DYNAMIC_NO_PIC = NO;
				GCC_NO_COMMON_BLOCKS = YES;
				GCC_OPTIMIZATION_LEVEL = 0;
				GCC_PREPROCESSOR_DEFINITIONS = (
					"DEBUG=1",
					"$(inherited)",
				);
				GCC_WARN_64_TO_32_BIT_CONVERSION = YES;
				GCC_WARN_ABOUT_RETURN_TYPE = YES_ERROR;
				GCC_WARN_UNDECLARED_SELECTOR = YES;
				GCC_WARN_UNINITIALIZED_AUTOS = YES_AGGRESSIVE;
				GCC_WARN_UNUSED_FUNCTION = YES;
				GCC_WARN_UNUSED_VARIABLE = YES;
				IPHONEOS_DEPLOYMENT_TARGET = 10.3;
				MTL_ENABLE_DEBUG_INFO = YES;
				ONLY_ACTIVE_ARCH = YES;
				SDKROOT = iphoneos;
				SWIFT_ACTIVE_COMPILATION_CONDITIONS = DEBUG;
				SWIFT_OPTIMIZATION_LEVEL = "-Onone";
			};
			name = Debug;
		};
		5975C9651F0D67FA0006B5F9 /* Release */ = {
			isa = XCBuildConfiguration;
			buildSettings = {
				ALWAYS_SEARCH_USER_PATHS = NO;
				CLANG_ANALYZER_LOCALIZABILITY_NONLOCALIZED = YES;
				CLANG_ANALYZER_NONNULL = YES;
				CLANG_ANALYZER_NUMBER_OBJECT_CONVERSION = YES_AGGRESSIVE;
				CLANG_CXX_LANGUAGE_STANDARD = "gnu++0x";
				CLANG_CXX_LIBRARY = "libc++";
				CLANG_ENABLE_MODULES = YES;
				CLANG_ENABLE_OBJC_ARC = YES;
				CLANG_WARN_BOOL_CONVERSION = YES;
				CLANG_WARN_CONSTANT_CONVERSION = YES;
				CLANG_WARN_DIRECT_OBJC_ISA_USAGE = YES_ERROR;
				CLANG_WARN_DOCUMENTATION_COMMENTS = YES;
				CLANG_WARN_EMPTY_BODY = YES;
				CLANG_WARN_ENUM_CONVERSION = YES;
				CLANG_WARN_INFINITE_RECURSION = YES;
				CLANG_WARN_INT_CONVERSION = YES;
				CLANG_WARN_OBJC_ROOT_CLASS = YES_ERROR;
				CLANG_WARN_SUSPICIOUS_MOVE = YES;
				CLANG_WARN_UNREACHABLE_CODE = YES;
				CLANG_WARN__DUPLICATE_METHOD_MATCH = YES;
				"CODE_SIGN_IDENTITY[sdk=iphoneos*]" = "iPhone Developer";
				COPY_PHASE_STRIP = NO;
				DEBUG_INFORMATION_FORMAT = "dwarf-with-dsym";
				ENABLE_NS_ASSERTIONS = NO;
				ENABLE_STRICT_OBJC_MSGSEND = YES;
				GCC_C_LANGUAGE_STANDARD = gnu99;
				GCC_NO_COMMON_BLOCKS = YES;
				GCC_WARN_64_TO_32_BIT_CONVERSION = YES;
				GCC_WARN_ABOUT_RETURN_TYPE = YES_ERROR;
				GCC_WARN_UNDECLARED_SELECTOR = YES;
				GCC_WARN_UNINITIALIZED_AUTOS = YES_AGGRESSIVE;
				GCC_WARN_UNUSED_FUNCTION = YES;
				GCC_WARN_UNUSED_VARIABLE = YES;
				IPHONEOS_DEPLOYMENT_TARGET = 10.3;
				MTL_ENABLE_DEBUG_INFO = NO;
				SDKROOT = iphoneos;
				SWIFT_OPTIMIZATION_LEVEL = "-Owholemodule";
				VALIDATE_PRODUCT = YES;
			};
			name = Release;
		};
		5975C9671F0D67FA0006B5F9 /* Debug */ = {
			isa = XCBuildConfiguration;
			baseConfigurationReference = A1B66547833619D02C46C0AE /* Pods-FoodCheck.debug.xcconfig */;
			buildSettings = {
				ASSETCATALOG_COMPILER_APPICON_NAME = AppIcon;
				ASSETCATALOG_COMPILER_LAUNCHIMAGE_NAME = LaunchImage;
				DEVELOPMENT_TEAM = 2J5NKCM3ET;
				INFOPLIST_FILE = FoodCheck/Info.plist;
				LD_RUNPATH_SEARCH_PATHS = "$(inherited) @executable_path/Frameworks";
				PRODUCT_BUNDLE_IDENTIFIER = com.passt0r.FoodCheck;
				PRODUCT_NAME = "$(TARGET_NAME)";
				SWIFT_VERSION = 3.0;
			};
			name = Debug;
		};
		5975C9681F0D67FA0006B5F9 /* Release */ = {
			isa = XCBuildConfiguration;
			baseConfigurationReference = CF5F0F35D658696728026A68 /* Pods-FoodCheck.release.xcconfig */;
			buildSettings = {
				ASSETCATALOG_COMPILER_APPICON_NAME = AppIcon;
				ASSETCATALOG_COMPILER_LAUNCHIMAGE_NAME = LaunchImage;
				DEVELOPMENT_TEAM = 2J5NKCM3ET;
				INFOPLIST_FILE = FoodCheck/Info.plist;
				LD_RUNPATH_SEARCH_PATHS = "$(inherited) @executable_path/Frameworks";
				PRODUCT_BUNDLE_IDENTIFIER = com.passt0r.FoodCheck;
				PRODUCT_NAME = "$(TARGET_NAME)";
				SWIFT_VERSION = 3.0;
			};
			name = Release;
		};
/* End XCBuildConfiguration section */

/* Begin XCConfigurationList section */
		593EDE8F1F32618600CC7E27 /* Build configuration list for PBXNativeTarget "FoodCheckTests" */ = {
			isa = XCConfigurationList;
			buildConfigurations = (
				593EDE901F32618600CC7E27 /* Debug */,
				593EDE911F32618600CC7E27 /* Release */,
			);
			defaultConfigurationIsVisible = 0;
			defaultConfigurationName = Release;
		};
		5975C9441F0D67FA0006B5F9 /* Build configuration list for PBXProject "FoodCheck" */ = {
			isa = XCConfigurationList;
			buildConfigurations = (
				5975C9641F0D67FA0006B5F9 /* Debug */,
				5975C9651F0D67FA0006B5F9 /* Release */,
			);
			defaultConfigurationIsVisible = 0;
			defaultConfigurationName = Release;
		};
		5975C9661F0D67FA0006B5F9 /* Build configuration list for PBXNativeTarget "FoodCheck" */ = {
			isa = XCConfigurationList;
			buildConfigurations = (
				5975C9671F0D67FA0006B5F9 /* Debug */,
				5975C9681F0D67FA0006B5F9 /* Release */,
			);
			defaultConfigurationIsVisible = 0;
			defaultConfigurationName = Release;
		};
/* End XCConfigurationList section */
	};
	rootObject = 5975C9411F0D67FA0006B5F9 /* Project object */;
}
